// !$*UTF8*$!
{
	archiveVersion = 1;
	classes = {
	};
	objectVersion = 56;
	objects = {

/* Begin PBXBuildFile section */
		115E41122A43258B00ABE2ED /* DylKitDemoApp.swift in Sources */ = {isa = PBXBuildFile; fileRef = 115E41112A43258B00ABE2ED /* DylKitDemoApp.swift */; };
		115E41142A43258B00ABE2ED /* UserDefaultableView.swift in Sources */ = {isa = PBXBuildFile; fileRef = 115E41132A43258B00ABE2ED /* UserDefaultableView.swift */; };
		115E41162A43258C00ABE2ED /* Assets.xcassets in Resources */ = {isa = PBXBuildFile; fileRef = 115E41152A43258C00ABE2ED /* Assets.xcassets */; };
		115E41192A43258C00ABE2ED /* Preview Assets.xcassets in Resources */ = {isa = PBXBuildFile; fileRef = 115E41182A43258C00ABE2ED /* Preview Assets.xcassets */; };
		115E41232A43258D00ABE2ED /* DylKitDemoTests.swift in Sources */ = {isa = PBXBuildFile; fileRef = 115E41222A43258D00ABE2ED /* DylKitDemoTests.swift */; };
		115E412D2A43258D00ABE2ED /* DylKitDemoUITests.swift in Sources */ = {isa = PBXBuildFile; fileRef = 115E412C2A43258D00ABE2ED /* DylKitDemoUITests.swift */; };
		115E412F2A43258D00ABE2ED /* DylKitDemoUITestsLaunchTests.swift in Sources */ = {isa = PBXBuildFile; fileRef = 115E412E2A43258D00ABE2ED /* DylKitDemoUITestsLaunchTests.swift */; };
		115E41432A4326A300ABE2ED /* DylKit in Frameworks */ = {isa = PBXBuildFile; productRef = 115E41422A4326A300ABE2ED /* DylKit */; };
		115E41462A432F1B00ABE2ED /* DemoListView.swift in Sources */ = {isa = PBXBuildFile; fileRef = 115E41452A432F1B00ABE2ED /* DemoListView.swift */; };
		115E41482A4330CB00ABE2ED /* ColoredListView.swift in Sources */ = {isa = PBXBuildFile; fileRef = 115E41472A4330CB00ABE2ED /* ColoredListView.swift */; };
		115E414A2A433B5000ABE2ED /* ArrayView.swift in Sources */ = {isa = PBXBuildFile; fileRef = 115E41492A433B5000ABE2ED /* ArrayView.swift */; };
		11A063F32A4349FF00DCC812 /* NotesView.swift in Sources */ = {isa = PBXBuildFile; fileRef = 11A063F22A4349FF00DCC812 /* NotesView.swift */; };
/* End PBXBuildFile section */

/* Begin PBXContainerItemProxy section */
		115E411F2A43258D00ABE2ED /* PBXContainerItemProxy */ = {
			isa = PBXContainerItemProxy;
			containerPortal = 115E41062A43258B00ABE2ED /* Project object */;
			proxyType = 1;
			remoteGlobalIDString = 115E410D2A43258B00ABE2ED;
			remoteInfo = DylKitDemo;
		};
		115E41292A43258D00ABE2ED /* PBXContainerItemProxy */ = {
			isa = PBXContainerItemProxy;
			containerPortal = 115E41062A43258B00ABE2ED /* Project object */;
			proxyType = 1;
			remoteGlobalIDString = 115E410D2A43258B00ABE2ED;
			remoteInfo = DylKitDemo;
		};
/* End PBXContainerItemProxy section */

/* Begin PBXFileReference section */
		115E410E2A43258B00ABE2ED /* DylKitDemo.app */ = {isa = PBXFileReference; explicitFileType = wrapper.application; includeInIndex = 0; path = DylKitDemo.app; sourceTree = BUILT_PRODUCTS_DIR; };
		115E41112A43258B00ABE2ED /* DylKitDemoApp.swift */ = {isa = PBXFileReference; lastKnownFileType = sourcecode.swift; path = DylKitDemoApp.swift; sourceTree = "<group>"; };
		115E41132A43258B00ABE2ED /* UserDefaultableView.swift */ = {isa = PBXFileReference; lastKnownFileType = sourcecode.swift; path = UserDefaultableView.swift; sourceTree = "<group>"; };
		115E41152A43258C00ABE2ED /* Assets.xcassets */ = {isa = PBXFileReference; lastKnownFileType = folder.assetcatalog; path = Assets.xcassets; sourceTree = "<group>"; };
		115E41182A43258C00ABE2ED /* Preview Assets.xcassets */ = {isa = PBXFileReference; lastKnownFileType = folder.assetcatalog; path = "Preview Assets.xcassets"; sourceTree = "<group>"; };
		115E411E2A43258D00ABE2ED /* DylKitDemoTests.xctest */ = {isa = PBXFileReference; explicitFileType = wrapper.cfbundle; includeInIndex = 0; path = DylKitDemoTests.xctest; sourceTree = BUILT_PRODUCTS_DIR; };
		115E41222A43258D00ABE2ED /* DylKitDemoTests.swift */ = {isa = PBXFileReference; lastKnownFileType = sourcecode.swift; path = DylKitDemoTests.swift; sourceTree = "<group>"; };
		115E41282A43258D00ABE2ED /* DylKitDemoUITests.xctest */ = {isa = PBXFileReference; explicitFileType = wrapper.cfbundle; includeInIndex = 0; path = DylKitDemoUITests.xctest; sourceTree = BUILT_PRODUCTS_DIR; };
		115E412C2A43258D00ABE2ED /* DylKitDemoUITests.swift */ = {isa = PBXFileReference; lastKnownFileType = sourcecode.swift; path = DylKitDemoUITests.swift; sourceTree = "<group>"; };
		115E412E2A43258D00ABE2ED /* DylKitDemoUITestsLaunchTests.swift */ = {isa = PBXFileReference; lastKnownFileType = sourcecode.swift; path = DylKitDemoUITestsLaunchTests.swift; sourceTree = "<group>"; };
		115E41402A4325DD00ABE2ED /* DylKit */ = {isa = PBXFileReference; lastKnownFileType = wrapper; name = DylKit; path = ..; sourceTree = "<group>"; };
		115E41442A43282600ABE2ED /* Playground.playground */ = {isa = PBXFileReference; lastKnownFileType = file.playground; name = Playground.playground; path = ../Playground.playground; sourceTree = "<group>"; };
		115E41452A432F1B00ABE2ED /* DemoListView.swift */ = {isa = PBXFileReference; lastKnownFileType = sourcecode.swift; path = DemoListView.swift; sourceTree = "<group>"; };
		115E41472A4330CB00ABE2ED /* ColoredListView.swift */ = {isa = PBXFileReference; lastKnownFileType = sourcecode.swift; path = ColoredListView.swift; sourceTree = "<group>"; };
		115E41492A433B5000ABE2ED /* ArrayView.swift */ = {isa = PBXFileReference; lastKnownFileType = sourcecode.swift; path = ArrayView.swift; sourceTree = "<group>"; };
		11A063F22A4349FF00DCC812 /* NotesView.swift */ = {isa = PBXFileReference; lastKnownFileType = sourcecode.swift; path = NotesView.swift; sourceTree = "<group>"; };
/* End PBXFileReference section */

/* Begin PBXFrameworksBuildPhase section */
		115E410B2A43258B00ABE2ED /* Frameworks */ = {
			isa = PBXFrameworksBuildPhase;
			buildActionMask = 2147483647;
			files = (
				115E41432A4326A300ABE2ED /* DylKit in Frameworks */,
			);
			runOnlyForDeploymentPostprocessing = 0;
		};
		115E411B2A43258D00ABE2ED /* Frameworks */ = {
			isa = PBXFrameworksBuildPhase;
			buildActionMask = 2147483647;
			files = (
			);
			runOnlyForDeploymentPostprocessing = 0;
		};
		115E41252A43258D00ABE2ED /* Frameworks */ = {
			isa = PBXFrameworksBuildPhase;
			buildActionMask = 2147483647;
			files = (
			);
			runOnlyForDeploymentPostprocessing = 0;
		};
/* End PBXFrameworksBuildPhase section */

/* Begin PBXGroup section */
		115E41052A43258B00ABE2ED = {
			isa = PBXGroup;
			children = (
				115E41442A43282600ABE2ED /* Playground.playground */,
				115E41402A4325DD00ABE2ED /* DylKit */,
				115E41102A43258B00ABE2ED /* Sources */,
				115E41212A43258D00ABE2ED /* Tests */,
				115E412B2A43258D00ABE2ED /* UITests */,
				115E410F2A43258B00ABE2ED /* Products */,
				115E41412A4326A300ABE2ED /* Frameworks */,
			);
			sourceTree = "<group>";
		};
		115E410F2A43258B00ABE2ED /* Products */ = {
			isa = PBXGroup;
			children = (
				115E410E2A43258B00ABE2ED /* DylKitDemo.app */,
				115E411E2A43258D00ABE2ED /* DylKitDemoTests.xctest */,
				115E41282A43258D00ABE2ED /* DylKitDemoUITests.xctest */,
			);
			name = Products;
			sourceTree = "<group>";
		};
		115E41102A43258B00ABE2ED /* Sources */ = {
			isa = PBXGroup;
			children = (
				115E41112A43258B00ABE2ED /* DylKitDemoApp.swift */,
				115E41452A432F1B00ABE2ED /* DemoListView.swift */,
				115E414B2A433CAE00ABE2ED /* Demos */,
				115E41152A43258C00ABE2ED /* Assets.xcassets */,
				115E41172A43258C00ABE2ED /* Preview Content */,
			);
			path = Sources;
			sourceTree = "<group>";
		};
		115E41172A43258C00ABE2ED /* Preview Content */ = {
			isa = PBXGroup;
			children = (
				115E41182A43258C00ABE2ED /* Preview Assets.xcassets */,
			);
			path = "Preview Content";
			sourceTree = "<group>";
		};
		115E41212A43258D00ABE2ED /* Tests */ = {
			isa = PBXGroup;
			children = (
				115E41222A43258D00ABE2ED /* DylKitDemoTests.swift */,
			);
			path = Tests;
			sourceTree = "<group>";
		};
		115E412B2A43258D00ABE2ED /* UITests */ = {
			isa = PBXGroup;
			children = (
				115E412C2A43258D00ABE2ED /* DylKitDemoUITests.swift */,
				115E412E2A43258D00ABE2ED /* DylKitDemoUITestsLaunchTests.swift */,
			);
			path = UITests;
			sourceTree = "<group>";
		};
		115E41412A4326A300ABE2ED /* Frameworks */ = {
			isa = PBXGroup;
			children = (
			);
			name = Frameworks;
			sourceTree = "<group>";
		};
		115E414B2A433CAE00ABE2ED /* Demos */ = {
			isa = PBXGroup;
			children = (
				115E41132A43258B00ABE2ED /* UserDefaultableView.swift */,
				115E41472A4330CB00ABE2ED /* ColoredListView.swift */,
				115E41492A433B5000ABE2ED /* ArrayView.swift */,
				11A063F22A4349FF00DCC812 /* NotesView.swift */,
			);
			path = Demos;
			sourceTree = "<group>";
		};
/* End PBXGroup section */

/* Begin PBXNativeTarget section */
		115E410D2A43258B00ABE2ED /* DylKitDemo */ = {
			isa = PBXNativeTarget;
			buildConfigurationList = 115E41322A43258D00ABE2ED /* Build configuration list for PBXNativeTarget "DylKitDemo" */;
			buildPhases = (
				115E410A2A43258B00ABE2ED /* Sources */,
				115E410B2A43258B00ABE2ED /* Frameworks */,
				115E410C2A43258B00ABE2ED /* Resources */,
			);
			buildRules = (
			);
			dependencies = (
			);
			name = DylKitDemo;
			packageProductDependencies = (
				115E41422A4326A300ABE2ED /* DylKit */,
			);
			productName = DylKitDemo;
			productReference = 115E410E2A43258B00ABE2ED /* DylKitDemo.app */;
			productType = "com.apple.product-type.application";
		};
		115E411D2A43258D00ABE2ED /* DylKitDemoTests */ = {
			isa = PBXNativeTarget;
			buildConfigurationList = 115E41352A43258D00ABE2ED /* Build configuration list for PBXNativeTarget "DylKitDemoTests" */;
			buildPhases = (
				115E411A2A43258D00ABE2ED /* Sources */,
				115E411B2A43258D00ABE2ED /* Frameworks */,
				115E411C2A43258D00ABE2ED /* Resources */,
			);
			buildRules = (
			);
			dependencies = (
				115E41202A43258D00ABE2ED /* PBXTargetDependency */,
			);
			name = DylKitDemoTests;
			productName = DylKitDemoTests;
			productReference = 115E411E2A43258D00ABE2ED /* DylKitDemoTests.xctest */;
			productType = "com.apple.product-type.bundle.unit-test";
		};
		115E41272A43258D00ABE2ED /* DylKitDemoUITests */ = {
			isa = PBXNativeTarget;
			buildConfigurationList = 115E41382A43258D00ABE2ED /* Build configuration list for PBXNativeTarget "DylKitDemoUITests" */;
			buildPhases = (
				115E41242A43258D00ABE2ED /* Sources */,
				115E41252A43258D00ABE2ED /* Frameworks */,
				115E41262A43258D00ABE2ED /* Resources */,
			);
			buildRules = (
			);
			dependencies = (
				115E412A2A43258D00ABE2ED /* PBXTargetDependency */,
			);
			name = DylKitDemoUITests;
			productName = DylKitDemoUITests;
			productReference = 115E41282A43258D00ABE2ED /* DylKitDemoUITests.xctest */;
			productType = "com.apple.product-type.bundle.ui-testing";
		};
/* End PBXNativeTarget section */

/* Begin PBXProject section */
		115E41062A43258B00ABE2ED /* Project object */ = {
			isa = PBXProject;
			attributes = {
				BuildIndependentTargetsInParallel = 1;
				LastSwiftUpdateCheck = 1420;
				LastUpgradeCheck = 1420;
				TargetAttributes = {
					115E410D2A43258B00ABE2ED = {
						CreatedOnToolsVersion = 14.2;
					};
					115E411D2A43258D00ABE2ED = {
						CreatedOnToolsVersion = 14.2;
						TestTargetID = 115E410D2A43258B00ABE2ED;
					};
					115E41272A43258D00ABE2ED = {
						CreatedOnToolsVersion = 14.2;
						TestTargetID = 115E410D2A43258B00ABE2ED;
					};
				};
			};
			buildConfigurationList = 115E41092A43258B00ABE2ED /* Build configuration list for PBXProject "DylKitDemo" */;
			compatibilityVersion = "Xcode 14.0";
			developmentRegion = en;
			hasScannedForEncodings = 0;
			knownRegions = (
				en,
				Base,
			);
			mainGroup = 115E41052A43258B00ABE2ED;
			productRefGroup = 115E410F2A43258B00ABE2ED /* Products */;
			projectDirPath = "";
			projectRoot = "";
			targets = (
				115E410D2A43258B00ABE2ED /* DylKitDemo */,
				115E411D2A43258D00ABE2ED /* DylKitDemoTests */,
				115E41272A43258D00ABE2ED /* DylKitDemoUITests */,
			);
		};
/* End PBXProject section */

/* Begin PBXResourcesBuildPhase section */
		115E410C2A43258B00ABE2ED /* Resources */ = {
			isa = PBXResourcesBuildPhase;
			buildActionMask = 2147483647;
			files = (
				115E41192A43258C00ABE2ED /* Preview Assets.xcassets in Resources */,
				115E41162A43258C00ABE2ED /* Assets.xcassets in Resources */,
			);
			runOnlyForDeploymentPostprocessing = 0;
		};
		115E411C2A43258D00ABE2ED /* Resources */ = {
			isa = PBXResourcesBuildPhase;
			buildActionMask = 2147483647;
			files = (
			);
			runOnlyForDeploymentPostprocessing = 0;
		};
		115E41262A43258D00ABE2ED /* Resources */ = {
			isa = PBXResourcesBuildPhase;
			buildActionMask = 2147483647;
			files = (
			);
			runOnlyForDeploymentPostprocessing = 0;
		};
/* End PBXResourcesBuildPhase section */

/* Begin PBXSourcesBuildPhase section */
		115E410A2A43258B00ABE2ED /* Sources */ = {
			isa = PBXSourcesBuildPhase;
			buildActionMask = 2147483647;
			files = (
				115E41142A43258B00ABE2ED /* UserDefaultableView.swift in Sources */,
				115E41122A43258B00ABE2ED /* DylKitDemoApp.swift in Sources */,
				11A063F32A4349FF00DCC812 /* NotesView.swift in Sources */,
				115E414A2A433B5000ABE2ED /* ArrayView.swift in Sources */,
				115E41462A432F1B00ABE2ED /* DemoListView.swift in Sources */,
				115E41482A4330CB00ABE2ED /* ColoredListView.swift in Sources */,
			);
			runOnlyForDeploymentPostprocessing = 0;
		};
		115E411A2A43258D00ABE2ED /* Sources */ = {
			isa = PBXSourcesBuildPhase;
			buildActionMask = 2147483647;
			files = (
				115E41232A43258D00ABE2ED /* DylKitDemoTests.swift in Sources */,
			);
			runOnlyForDeploymentPostprocessing = 0;
		};
		115E41242A43258D00ABE2ED /* Sources */ = {
			isa = PBXSourcesBuildPhase;
			buildActionMask = 2147483647;
			files = (
				115E412F2A43258D00ABE2ED /* DylKitDemoUITestsLaunchTests.swift in Sources */,
				115E412D2A43258D00ABE2ED /* DylKitDemoUITests.swift in Sources */,
			);
			runOnlyForDeploymentPostprocessing = 0;
		};
/* End PBXSourcesBuildPhase section */

/* Begin PBXTargetDependency section */
		115E41202A43258D00ABE2ED /* PBXTargetDependency */ = {
			isa = PBXTargetDependency;
			target = 115E410D2A43258B00ABE2ED /* DylKitDemo */;
			targetProxy = 115E411F2A43258D00ABE2ED /* PBXContainerItemProxy */;
		};
		115E412A2A43258D00ABE2ED /* PBXTargetDependency */ = {
			isa = PBXTargetDependency;
			target = 115E410D2A43258B00ABE2ED /* DylKitDemo */;
			targetProxy = 115E41292A43258D00ABE2ED /* PBXContainerItemProxy */;
		};
/* End PBXTargetDependency section */

/* Begin XCBuildConfiguration section */
		115E41302A43258D00ABE2ED /* Debug */ = {
			isa = XCBuildConfiguration;
			buildSettings = {
				ALWAYS_SEARCH_USER_PATHS = NO;
				CLANG_ANALYZER_NONNULL = YES;
				CLANG_ANALYZER_NUMBER_OBJECT_CONVERSION = YES_AGGRESSIVE;
				CLANG_CXX_LANGUAGE_STANDARD = "gnu++20";
				CLANG_ENABLE_MODULES = YES;
				CLANG_ENABLE_OBJC_ARC = YES;
				CLANG_ENABLE_OBJC_WEAK = YES;
				CLANG_WARN_BLOCK_CAPTURE_AUTORELEASING = YES;
				CLANG_WARN_BOOL_CONVERSION = YES;
				CLANG_WARN_COMMA = YES;
				CLANG_WARN_CONSTANT_CONVERSION = YES;
				CLANG_WARN_DEPRECATED_OBJC_IMPLEMENTATIONS = YES;
				CLANG_WARN_DIRECT_OBJC_ISA_USAGE = YES_ERROR;
				CLANG_WARN_DOCUMENTATION_COMMENTS = YES;
				CLANG_WARN_EMPTY_BODY = YES;
				CLANG_WARN_ENUM_CONVERSION = YES;
				CLANG_WARN_INFINITE_RECURSION = YES;
				CLANG_WARN_INT_CONVERSION = YES;
				CLANG_WARN_NON_LITERAL_NULL_CONVERSION = YES;
				CLANG_WARN_OBJC_IMPLICIT_RETAIN_SELF = YES;
				CLANG_WARN_OBJC_LITERAL_CONVERSION = YES;
				CLANG_WARN_OBJC_ROOT_CLASS = YES_ERROR;
				CLANG_WARN_QUOTED_INCLUDE_IN_FRAMEWORK_HEADER = YES;
				CLANG_WARN_RANGE_LOOP_ANALYSIS = YES;
				CLANG_WARN_STRICT_PROTOTYPES = YES;
				CLANG_WARN_SUSPICIOUS_MOVE = YES;
				CLANG_WARN_UNGUARDED_AVAILABILITY = YES_AGGRESSIVE;
				CLANG_WARN_UNREACHABLE_CODE = YES;
				CLANG_WARN__DUPLICATE_METHOD_MATCH = YES;
				COPY_PHASE_STRIP = NO;
				DEBUG_INFORMATION_FORMAT = dwarf;
				ENABLE_STRICT_OBJC_MSGSEND = YES;
				ENABLE_TESTABILITY = YES;
				GCC_C_LANGUAGE_STANDARD = gnu11;
				GCC_DYNAMIC_NO_PIC = NO;
				GCC_NO_COMMON_BLOCKS = YES;
				GCC_OPTIMIZATION_LEVEL = 0;
				GCC_PREPROCESSOR_DEFINITIONS = (
					"DEBUG=1",
					"$(inherited)",
				);
				GCC_WARN_64_TO_32_BIT_CONVERSION = YES;
				GCC_WARN_ABOUT_RETURN_TYPE = YES_ERROR;
				GCC_WARN_UNDECLARED_SELECTOR = YES;
				GCC_WARN_UNINITIALIZED_AUTOS = YES_AGGRESSIVE;
				GCC_WARN_UNUSED_FUNCTION = YES;
				GCC_WARN_UNUSED_VARIABLE = YES;
				IPHONEOS_DEPLOYMENT_TARGET = 16.2;
				MTL_ENABLE_DEBUG_INFO = INCLUDE_SOURCE;
				MTL_FAST_MATH = YES;
				ONLY_ACTIVE_ARCH = YES;
				SDKROOT = iphoneos;
				SWIFT_ACTIVE_COMPILATION_CONDITIONS = DEBUG;
				SWIFT_OPTIMIZATION_LEVEL = "-Onone";
			};
			name = Debug;
		};
		115E41312A43258D00ABE2ED /* Release */ = {
			isa = XCBuildConfiguration;
			buildSettings = {
				ALWAYS_SEARCH_USER_PATHS = NO;
				CLANG_ANALYZER_NONNULL = YES;
				CLANG_ANALYZER_NUMBER_OBJECT_CONVERSION = YES_AGGRESSIVE;
				CLANG_CXX_LANGUAGE_STANDARD = "gnu++20";
				CLANG_ENABLE_MODULES = YES;
				CLANG_ENABLE_OBJC_ARC = YES;
				CLANG_ENABLE_OBJC_WEAK = YES;
				CLANG_WARN_BLOCK_CAPTURE_AUTORELEASING = YES;
				CLANG_WARN_BOOL_CONVERSION = YES;
				CLANG_WARN_COMMA = YES;
				CLANG_WARN_CONSTANT_CONVERSION = YES;
				CLANG_WARN_DEPRECATED_OBJC_IMPLEMENTATIONS = YES;
				CLANG_WARN_DIRECT_OBJC_ISA_USAGE = YES_ERROR;
				CLANG_WARN_DOCUMENTATION_COMMENTS = YES;
				CLANG_WARN_EMPTY_BODY = YES;
				CLANG_WARN_ENUM_CONVERSION = YES;
				CLANG_WARN_INFINITE_RECURSION = YES;
				CLANG_WARN_INT_CONVERSION = YES;
				CLANG_WARN_NON_LITERAL_NULL_CONVERSION = YES;
				CLANG_WARN_OBJC_IMPLICIT_RETAIN_SELF = YES;
				CLANG_WARN_OBJC_LITERAL_CONVERSION = YES;
				CLANG_WARN_OBJC_ROOT_CLASS = YES_ERROR;
				CLANG_WARN_QUOTED_INCLUDE_IN_FRAMEWORK_HEADER = YES;
				CLANG_WARN_RANGE_LOOP_ANALYSIS = YES;
				CLANG_WARN_STRICT_PROTOTYPES = YES;
				CLANG_WARN_SUSPICIOUS_MOVE = YES;
				CLANG_WARN_UNGUARDED_AVAILABILITY = YES_AGGRESSIVE;
				CLANG_WARN_UNREACHABLE_CODE = YES;
				CLANG_WARN__DUPLICATE_METHOD_MATCH = YES;
				COPY_PHASE_STRIP = NO;
				DEBUG_INFORMATION_FORMAT = "dwarf-with-dsym";
				ENABLE_NS_ASSERTIONS = NO;
				ENABLE_STRICT_OBJC_MSGSEND = YES;
				GCC_C_LANGUAGE_STANDARD = gnu11;
				GCC_NO_COMMON_BLOCKS = YES;
				GCC_WARN_64_TO_32_BIT_CONVERSION = YES;
				GCC_WARN_ABOUT_RETURN_TYPE = YES_ERROR;
				GCC_WARN_UNDECLARED_SELECTOR = YES;
				GCC_WARN_UNINITIALIZED_AUTOS = YES_AGGRESSIVE;
				GCC_WARN_UNUSED_FUNCTION = YES;
				GCC_WARN_UNUSED_VARIABLE = YES;
				IPHONEOS_DEPLOYMENT_TARGET = 16.2;
				MTL_ENABLE_DEBUG_INFO = NO;
				MTL_FAST_MATH = YES;
				SDKROOT = iphoneos;
				SWIFT_COMPILATION_MODE = wholemodule;
				SWIFT_OPTIMIZATION_LEVEL = "-O";
				VALIDATE_PRODUCT = YES;
			};
			name = Release;
		};
		115E41332A43258D00ABE2ED /* Debug */ = {
			isa = XCBuildConfiguration;
			buildSettings = {
				ASSETCATALOG_COMPILER_APPICON_NAME = AppIcon;
				ASSETCATALOG_COMPILER_GLOBAL_ACCENT_COLOR_NAME = AccentColor;
				CODE_SIGN_STYLE = Automatic;
				CURRENT_PROJECT_VERSION = 1;
				DEVELOPMENT_ASSET_PATHS = "\"Sources/Preview Content\"";
				DEVELOPMENT_TEAM = 6CW3378X23;
				ENABLE_PREVIEWS = YES;
				GENERATE_INFOPLIST_FILE = YES;
				INFOPLIST_KEY_UIApplicationSceneManifest_Generation = YES;
				INFOPLIST_KEY_UIApplicationSupportsIndirectInputEvents = YES;
				INFOPLIST_KEY_UILaunchScreen_Generation = YES;
				INFOPLIST_KEY_UISupportedInterfaceOrientations_iPad = "UIInterfaceOrientationPortrait UIInterfaceOrientationPortraitUpsideDown UIInterfaceOrientationLandscapeLeft UIInterfaceOrientationLandscapeRight";
				INFOPLIST_KEY_UISupportedInterfaceOrientations_iPhone = "UIInterfaceOrientationPortrait UIInterfaceOrientationLandscapeLeft UIInterfaceOrientationLandscapeRight";
				LD_RUNPATH_SEARCH_PATHS = (
					"$(inherited)",
					"@executable_path/Frameworks",
				);
				MARKETING_VERSION = 1.0;
				PRODUCT_BUNDLE_IDENTIFIER = com.dylan.DylKitDemo;
				PRODUCT_NAME = "$(TARGET_NAME)";
				SWIFT_EMIT_LOC_STRINGS = YES;
				SWIFT_VERSION = 5.0;
				TARGETED_DEVICE_FAMILY = "1,2";
			};
			name = Debug;
		};
		115E41342A43258D00ABE2ED /* Release */ = {
			isa = XCBuildConfiguration;
			buildSettings = {
				ASSETCATALOG_COMPILER_APPICON_NAME = AppIcon;
				ASSETCATALOG_COMPILER_GLOBAL_ACCENT_COLOR_NAME = AccentColor;
				CODE_SIGN_STYLE = Automatic;
				CURRENT_PROJECT_VERSION = 1;
				DEVELOPMENT_ASSET_PATHS = "\"Sources/Preview Content\"";
				DEVELOPMENT_TEAM = 6CW3378X23;
				ENABLE_PREVIEWS = YES;
				GENERATE_INFOPLIST_FILE = YES;
				INFOPLIST_KEY_UIApplicationSceneManifest_Generation = YES;
				INFOPLIST_KEY_UIApplicationSupportsIndirectInputEvents = YES;
				INFOPLIST_KEY_UILaunchScreen_Generation = YES;
				INFOPLIST_KEY_UISupportedInterfaceOrientations_iPad = "UIInterfaceOrientationPortrait UIInterfaceOrientationPortraitUpsideDown UIInterfaceOrientationLandscapeLeft UIInterfaceOrientationLandscapeRight";
				INFOPLIST_KEY_UISupportedInterfaceOrientations_iPhone = "UIInterfaceOrientationPortrait UIInterfaceOrientationLandscapeLeft UIInterfaceOrientationLandscapeRight";
				LD_RUNPATH_SEARCH_PATHS = (
					"$(inherited)",
					"@executable_path/Frameworks",
				);
				MARKETING_VERSION = 1.0;
				PRODUCT_BUNDLE_IDENTIFIER = com.dylan.DylKitDemo;
				PRODUCT_NAME = "$(TARGET_NAME)";
				SWIFT_EMIT_LOC_STRINGS = YES;
				SWIFT_VERSION = 5.0;
				TARGETED_DEVICE_FAMILY = "1,2";
			};
			name = Release;
		};
		115E41362A43258D00ABE2ED /* Debug */ = {
			isa = XCBuildConfiguration;
			buildSettings = {
				ALWAYS_EMBED_SWIFT_STANDARD_LIBRARIES = YES;
				BUNDLE_LOADER = "$(TEST_HOST)";
				CODE_SIGN_STYLE = Automatic;
				CURRENT_PROJECT_VERSION = 1;
				DEVELOPMENT_TEAM = 6CW3378X23;
				GENERATE_INFOPLIST_FILE = YES;
				IPHONEOS_DEPLOYMENT_TARGET = 16.2;
				MARKETING_VERSION = 1.0;
				PRODUCT_BUNDLE_IDENTIFIER = com.dylan.DylKitDemoTests;
				PRODUCT_NAME = "$(TARGET_NAME)";
				SWIFT_EMIT_LOC_STRINGS = NO;
				SWIFT_VERSION = 5.0;
				TARGETED_DEVICE_FAMILY = "1,2";
				TEST_HOST = "$(BUILT_PRODUCTS_DIR)/DylKitDemo.app/$(BUNDLE_EXECUTABLE_FOLDER_PATH)/DylKitDemo";
			};
			name = Debug;
		};
		115E41372A43258D00ABE2ED /* Release */ = {
			isa = XCBuildConfiguration;
			buildSettings = {
				ALWAYS_EMBED_SWIFT_STANDARD_LIBRARIES = YES;
				BUNDLE_LOADER = "$(TEST_HOST)";
				CODE_SIGN_STYLE = Automatic;
				CURRENT_PROJECT_VERSION = 1;
				DEVELOPMENT_TEAM = 6CW3378X23;
				GENERATE_INFOPLIST_FILE = YES;
				IPHONEOS_DEPLOYMENT_TARGET = 16.2;
				MARKETING_VERSION = 1.0;
				PRODUCT_BUNDLE_IDENTIFIER = com.dylan.DylKitDemoTests;
				PRODUCT_NAME = "$(TARGET_NAME)";
				SWIFT_EMIT_LOC_STRINGS = NO;
				SWIFT_VERSION = 5.0;
				TARGETED_DEVICE_FAMILY = "1,2";
				TEST_HOST = "$(BUILT_PRODUCTS_DIR)/DylKitDemo.app/$(BUNDLE_EXECUTABLE_FOLDER_PATH)/DylKitDemo";
			};
			name = Release;
		};
		115E41392A43258D00ABE2ED /* Debug */ = {
			isa = XCBuildConfiguration;
			buildSettings = {
				ALWAYS_EMBED_SWIFT_STANDARD_LIBRARIES = YES;
				CODE_SIGN_STYLE = Automatic;
				CURRENT_PROJECT_VERSION = 1;
				DEVELOPMENT_TEAM = 6CW3378X23;
				GENERATE_INFOPLIST_FILE = YES;
				MARKETING_VERSION = 1.0;
				PRODUCT_BUNDLE_IDENTIFIER = com.dylan.DylKitDemoUITests;
				PRODUCT_NAME = "$(TARGET_NAME)";
				SWIFT_EMIT_LOC_STRINGS = NO;
				SWIFT_VERSION = 5.0;
				TARGETED_DEVICE_FAMILY = "1,2";
				TEST_TARGET_NAME = DylKitDemo;
			};
			name = Debug;
		};
		115E413A2A43258D00ABE2ED /* Release */ = {
			isa = XCBuildConfiguration;
			buildSettings = {
				ALWAYS_EMBED_SWIFT_STANDARD_LIBRARIES = YES;
				CODE_SIGN_STYLE = Automatic;
				CURRENT_PROJECT_VERSION = 1;
				DEVELOPMENT_TEAM = 6CW3378X23;
				GENERATE_INFOPLIST_FILE = YES;
				MARKETING_VERSION = 1.0;
				PRODUCT_BUNDLE_IDENTIFIER = com.dylan.DylKitDemoUITests;
				PRODUCT_NAME = "$(TARGET_NAME)";
				SWIFT_EMIT_LOC_STRINGS = NO;
				SWIFT_VERSION = 5.0;
				TARGETED_DEVICE_FAMILY = "1,2";
				TEST_TARGET_NAME = DylKitDemo;
			};
			name = Release;
		};
/* End XCBuildConfiguration section */

/* Begin XCConfigurationList section */
		115E41092A43258B00ABE2ED /* Build configuration list for PBXProject "DylKitDemo" */ = {
			isa = XCConfigurationList;
			buildConfigurations = (
				115E41302A43258D00ABE2ED /* Debug */,
				115E41312A43258D00ABE2ED /* Release */,
			);
			defaultConfigurationIsVisible = 0;
			defaultConfigurationName = Release;
		};
		115E41322A43258D00ABE2ED /* Build configuration list for PBXNativeTarget "DylKitDemo" */ = {
			isa = XCConfigurationList;
			buildConfigurations = (
				115E41332A43258D00ABE2ED /* Debug */,
				115E41342A43258D00ABE2ED /* Release */,
			);
			defaultConfigurationIsVisible = 0;
			defaultConfigurationName = Release;
		};
		115E41352A43258D00ABE2ED /* Build configuration list for PBXNativeTarget "DylKitDemoTests" */ = {
			isa = XCConfigurationList;
			buildConfigurations = (
				115E41362A43258D00ABE2ED /* Debug */,
				115E41372A43258D00ABE2ED /* Release */,
			);
			defaultConfigurationIsVisible = 0;
			defaultConfigurationName = Release;
		};
		115E41382A43258D00ABE2ED /* Build configuration list for PBXNativeTarget "DylKitDemoUITests" */ = {
			isa = XCConfigurationList;
			buildConfigurations = (
				115E41392A43258D00ABE2ED /* Debug */,
				115E413A2A43258D00ABE2ED /* Release */,
			);
			defaultConfigurationIsVisible = 0;
			defaultConfigurationName = Release;
		};
/* End XCConfigurationList section */

/* Begin XCSwiftPackageProductDependency section */
		115E41422A4326A300ABE2ED /* DylKit */ = {
			isa = XCSwiftPackageProductDependency;
			productName = DylKit;
		};
/* End XCSwiftPackageProductDependency section */
	};
	rootObject = 115E41062A43258B00ABE2ED /* Project object */;
}
